
Microsoft Visual Studio Solution File, Format Version 12.00
# Visual Studio Version 16
VisualStudioVersion = 16.0.29424.173
MinimumVisualStudioVersion = 10.0.40219.1
Project("{FAE04EC0-301F-11D3-BF4B-00C04F79EFBC}") = "AmongUsP2P", "AmongUsP2P.csproj", "{2AC8029E-AEE2-487F-8C58-0BB9828AF7D0}"
EndProject
Global
	GlobalSection(SolutionConfigurationPlatforms) = preSolution
		Debug|Any CPU = Debug|Any CPU
		Release|Any CPU = Release|Any CPU
	EndGlobalSection
	GlobalSection(ProjectConfigurationPlatforms) = postSolution
		{2AC8029E-AEE2-487F-8C58-0BB9828AF7D0}.Debug|Any CPU.ActiveCfg = Debug|Any CPU
		{2AC8029E-AEE2-487F-8C58-0BB9828AF7D0}.Debug|Any CPU.Build.0 = Debug|Any CPU
		{2AC8029E-AEE2-487F-8C58-0BB9828AF7D0}.Release|Any CPU.ActiveCfg = Release|Any CPU
		{2AC8029E-AEE2-487F-8C58-0BB9828AF7D0}.Release|Any CPU.Build.0 = Release|Any CPU
	EndGlobalSection
	GlobalSection(SolutionProperties) = preSolution
		HideSolutionNode = FALSE
	EndGlobalSection
	GlobalSection(ExtensibilityGlobals) = postSolution
		SolutionGuid = {A26E2B96-8CFD-4F83-96A4-A92A3AC8E586}
	EndGlobalSection
EndGlobal
